# THIS IS AN AUTOGENERATED FILE. DO NOT EDIT THIS FILE DIRECTLY.
# yarn lockfile v1


"@google-pay/button-react@^3.0.10":
  version "3.0.10"
  resolved "https://registry.yarnpkg.com/@google-pay/button-react/-/button-react-3.0.10.tgz#e2e75e5c8e45fb882a3a0d1290ed4e6f0350e657"
  integrity sha512-6lFESkpkIqnXGbbeD+kZ696+MJI+TrZYFBTuGpSvf98nvaE7fHffeV34i2ebZBqUkLi/4HicoVc8sG71KWKy+g==
  dependencies:
    "@types/googlepay" "^0.7.0"

"@google/generative-ai@^0.2.1":
  version "0.2.1"
  resolved "https://registry.yarnpkg.com/@google/generative-ai/-/generative-ai-0.2.1.tgz#29e5e7fb9379413fdac6da42d22f86c2f9ecc078"
  integrity sha512-gNmMFadfwi7qf/6M9gImgyGJXY1jKQ/de8vGOqgJ0PPYgQ7WwzZDavbKrIuXS2zdqZZaYtxW3EFN6aG9x5wtFw==

"@types/googlepay@^0.7.0":
  version "0.7.5"
  resolved "https://registry.yarnpkg.com/@types/googlepay/-/googlepay-0.7.5.tgz#b944cd0e4c49f4661c9b966cb45614eb7ae87a26"
  integrity sha512-158egcRaqkMSpW6unyGV4uG4FpoCklRf3J5emCzOXSRVAohMfIuZ481JNvp4X6+KxoNjxWiGtMx5vb1YfQADPw==

hoist-non-react-statics@^3.3.0:
  version "3.3.2"
  resolved "https://registry.yarnpkg.com/hoist-non-react-statics/-/hoist-non-react-statics-3.3.2.tgz#ece0acaf71d62c2969c2ec59feff42a4b1a85b45"
  integrity sha512-/gGivxi8JPKWNm/W0jSmzcMPpfpPLc3dY/6GxhX2hQ9iGj3aDfklV4ET7NjKpSinLpJ5vafa9iiGIEZg10SfBw==
  dependencies:
    react-is "^16.7.0"

"js-tokens@^3.0.0 || ^4.0.0":
  version "4.0.0"
  resolved "https://registry.yarnpkg.com/js-tokens/-/js-tokens-4.0.0.tgz#19203fb59991df98e3a287050d4647cdeaf32499"
  integrity sha512-RdJUflcE3cUzKiMqQgsCu06FPu9UdIJO0beYbPhHN4k6apgJtifcoCtT9bcxOpYBtpD2kCM6Sbzg4CausW/PKQ==

loose-envify@^1.4.0:
  version "1.4.0"
  resolved "https://registry.yarnpkg.com/loose-envify/-/loose-envify-1.4.0.tgz#71ee51fa7be4caec1a63839f7e682d8132d30caf"
  integrity sha512-lyuxPGr/Wfhrlem2CL/UcnUc1zcqKAImBDzukY7Y5F/yQiNdko6+fRLevlw1HgMySw7f611UIY408EtxRSoK3Q==
  dependencies:
    js-tokens "^3.0.0 || ^4.0.0"

object-assign@^4.1.1:
  version "4.1.1"
  resolved "https://registry.yarnpkg.com/object-assign/-/object-assign-4.1.1.tgz#2109adc7965887cfc05cbbd442cac8bfbb360863"
  integrity sha512-rJgTQnkUnH1sFw8yT6VSU3zD3sWmu6sZhIseY8VX+GRu3P6F7Fu+JNDoXfklElbLJSnc3FUQHVe4cU5hj+BcUg==

prop-types@^15.5.0:
  version "15.8.1"
  resolved "https://registry.yarnpkg.com/prop-types/-/prop-types-15.8.1.tgz#67d87bf1a694f48435cf332c24af10214a3140b5"
  integrity sha512-oj87CgZICdulUohogVAR7AjlC0327U4el4L6eAvOqCeudMDVU0NThNaV+b9Df4dXgSP1gXMTnPdhfe/2qDH5cg==
  dependencies:
    loose-envify "^1.4.0"
    object-assign "^4.1.1"
    react-is "^16.13.1"

react-async-script@^1.2.0:
  version "1.2.0"
  resolved "https://registry.yarnpkg.com/react-async-script/-/react-async-script-1.2.0.tgz#ab9412a26f0b83f5e2e00de1d2befc9400834b21"
  integrity sha512-bCpkbm9JiAuMGhkqoAiC0lLkb40DJ0HOEJIku+9JDjxX3Rcs+ztEOG13wbrOskt3n2DTrjshhaQ/iay+SnGg5Q==
  dependencies:
    hoist-non-react-statics "^3.3.0"
    prop-types "^15.5.0"

react-google-recaptcha@^3.1.0:
  version "3.1.0"
  resolved "https://registry.yarnpkg.com/react-google-recaptcha/-/react-google-recaptcha-3.1.0.tgz#44aaab834495d922b9d93d7d7a7fb2326315b4ab"
  integrity sha512-cYW2/DWas8nEKZGD7SCu9BSuVz8iOcOLHChHyi7upUuVhkpkhYG/6N3KDiTQ3XAiZ2UAZkfvYKMfAHOzBOcGEg==
  dependencies:
    prop-types "^15.5.0"
    react-async-script "^1.2.0"

react-is@^16.13.1, react-is@^16.7.0:
  version "16.13.1"
  resolved "https://registry.yarnpkg.com/react-is/-/react-is-16.13.1.tgz#789729a4dc36de2999dc156dd6c1d9c18cea56a4"
  integrity sha512-24e6ynE2H+OKt4kqsOvNd8kBpV65zoxbA4BVsEOB3ARVWQki/DHzaUoC5KuON/BiccDaCCTZBuOcfZs70kR8bQ==
